
Microsoft Visual Studio Solution File, Format Version 12.00
# Visual Studio Version 17
VisualStudioVersion = 17.0.31919.166
MinimumVisualStudioVersion = 10.0.40219.1
Project("{FAE04EC0-301F-11D3-BF4B-00C04F79EFBC}") = "HistoryMemberInfoUpdater", "HistoryMemberInfoUpdater\HistoryMemberInfoUpdater.csproj", "{9DC7CF19-D583-4AA7-9045-C345C001DE18}"
EndProject
Global
	GlobalSection(SolutionConfigurationPlatforms) = preSolution
		Debug|Any CPU = Debug|Any CPU
		Release|Any CPU = Release|Any CPU
	EndGlobalSection
	GlobalSection(ProjectConfigurationPlatforms) = postSolution
		{9DC7CF19-D583-4AA7-9045-C345C001DE18}.Debug|Any CPU.ActiveCfg = Debug|Any CPU
		{9DC7CF19-D583-4AA7-9045-C345C001DE18}.Debug|Any CPU.Build.0 = Debug|Any CPU
		{9DC7CF19-D583-4AA7-9045-C345C001DE18}.Release|Any CPU.ActiveCfg = Release|Any CPU
		{9DC7CF19-D583-4AA7-9045-C345C001DE18}.Release|Any CPU.Build.0 = Release|Any CPU
	EndGlobalSection
	GlobalSection(SolutionProperties) = preSolution
		HideSolutionNode = FALSE
	EndGlobalSection
	GlobalSection(ExtensibilityGlobals) = postSolution
		SolutionGuid = {8F8D3254-EC1C-4F49-A297-120B707D3B46}
	EndGlobalSection
EndGlobal
